
Microsoft Visual Studio Solution File, Format Version 12.00
# Visual Studio 2013
VisualStudioVersion = 12.0.21005.1
MinimumVisualStudioVersion = 10.0.40219.1
Project("{FAE04EC0-301F-11D3-BF4B-00C04F79EFBC}") = "ConsoleApplication1", "ConsoleApplication1\ConsoleApplication1.csproj", "{0F0FB3BF-EE76-42C4-93CE-2E4AA3076437}"
EndProject
Project("{FAE04EC0-301F-11D3-BF4B-00C04F79EFBC}") = "ConsoleApplication2", "ConsoleApplication2\ConsoleApplication2.csproj", "{1D6648F3-6D9F-42C4-96E1-C654B2D19111}"
EndProject
Project("{FAE04EC0-301F-11D3-BF4B-00C04F79EFBC}") = "ConsoleApplication3", "ConsoleApplication3\ConsoleApplication3.csproj", "{29E47F5A-F0B5-4E2A-8F83-8579F65BFB3F}"
EndProject
Project("{FAE04EC0-301F-11D3-BF4B-00C04F79EFBC}") = "ConsoleApplication4", "ConsoleApplication4\ConsoleApplication4.csproj", "{15580BF2-F774-450E-AD66-DB87231C7720}"
EndProject
Project("{FAE04EC0-301F-11D3-BF4B-00C04F79EFBC}") = "ConsoleApplication5", "ConsoleApplication5\ConsoleApplication5.csproj", "{AB8458D2-D6BE-48C3-ACAC-FFFACCCE4CE9}"
EndProject
Project("{FAE04EC0-301F-11D3-BF4B-00C04F79EFBC}") = "ConsoleApplication6", "ConsoleApplication6\ConsoleApplication6.csproj", "{2DFC9989-99F9-4162-8458-51D69A57C6E7}"
EndProject
Project("{FAE04EC0-301F-11D3-BF4B-00C04F79EFBC}") = "ConsoleApplication7", "ConsoleApplication7\ConsoleApplication7.csproj", "{491C92A6-8A00-45F0-AFE6-7556532CA50B}"
EndProject
Project("{FAE04EC0-301F-11D3-BF4B-00C04F79EFBC}") = "ConsoleApplication8", "ConsoleApplication8\ConsoleApplication8.csproj", "{36668246-C0B6-4DB4-8082-9A06F410A8FB}"
EndProject
Global
	GlobalSection(SolutionConfigurationPlatforms) = preSolution
		Debug|Any CPU = Debug|Any CPU
		Release|Any CPU = Release|Any CPU
	EndGlobalSection
	GlobalSection(ProjectConfigurationPlatforms) = postSolution
		{0F0FB3BF-EE76-42C4-93CE-2E4AA3076437}.Debug|Any CPU.ActiveCfg = Debug|Any CPU
		{0F0FB3BF-EE76-42C4-93CE-2E4AA3076437}.Debug|Any CPU.Build.0 = Debug|Any CPU
		{0F0FB3BF-EE76-42C4-93CE-2E4AA3076437}.Release|Any CPU.ActiveCfg = Release|Any CPU
		{0F0FB3BF-EE76-42C4-93CE-2E4AA3076437}.Release|Any CPU.Build.0 = Release|Any CPU
		{1D6648F3-6D9F-42C4-96E1-C654B2D19111}.Debug|Any CPU.ActiveCfg = Debug|Any CPU
		{1D6648F3-6D9F-42C4-96E1-C654B2D19111}.Debug|Any CPU.Build.0 = Debug|Any CPU
		{1D6648F3-6D9F-42C4-96E1-C654B2D19111}.Release|Any CPU.ActiveCfg = Release|Any CPU
		{1D6648F3-6D9F-42C4-96E1-C654B2D19111}.Release|Any CPU.Build.0 = Release|Any CPU
		{29E47F5A-F0B5-4E2A-8F83-8579F65BFB3F}.Debug|Any CPU.ActiveCfg = Debug|Any CPU
		{29E47F5A-F0B5-4E2A-8F83-8579F65BFB3F}.Debug|Any CPU.Build.0 = Debug|Any CPU
		{29E47F5A-F0B5-4E2A-8F83-8579F65BFB3F}.Release|Any CPU.ActiveCfg = Release|Any CPU
		{29E47F5A-F0B5-4E2A-8F83-8579F65BFB3F}.Release|Any CPU.Build.0 = Release|Any CPU
		{15580BF2-F774-450E-AD66-DB87231C7720}.Debug|Any CPU.ActiveCfg = Debug|Any CPU
		{15580BF2-F774-450E-AD66-DB87231C7720}.Debug|Any CPU.Build.0 = Debug|Any CPU
		{15580BF2-F774-450E-AD66-DB87231C7720}.Release|Any CPU.ActiveCfg = Release|Any CPU
		{15580BF2-F774-450E-AD66-DB87231C7720}.Release|Any CPU.Build.0 = Release|Any CPU
		{AB8458D2-D6BE-48C3-ACAC-FFFACCCE4CE9}.Debug|Any CPU.ActiveCfg = Debug|Any CPU
		{AB8458D2-D6BE-48C3-ACAC-FFFACCCE4CE9}.Debug|Any CPU.Build.0 = Debug|Any CPU
		{AB8458D2-D6BE-48C3-ACAC-FFFACCCE4CE9}.Release|Any CPU.ActiveCfg = Release|Any CPU
		{AB8458D2-D6BE-48C3-ACAC-FFFACCCE4CE9}.Release|Any CPU.Build.0 = Release|Any CPU
		{2DFC9989-99F9-4162-8458-51D69A57C6E7}.Debug|Any CPU.ActiveCfg = Debug|Any CPU
		{2DFC9989-99F9-4162-8458-51D69A57C6E7}.Debug|Any CPU.Build.0 = Debug|Any CPU
		{2DFC9989-99F9-4162-8458-51D69A57C6E7}.Release|Any CPU.ActiveCfg = Release|Any CPU
		{2DFC9989-99F9-4162-8458-51D69A57C6E7}.Release|Any CPU.Build.0 = Release|Any CPU
		{491C92A6-8A00-45F0-AFE6-7556532CA50B}.Debug|Any CPU.ActiveCfg = Debug|Any CPU
		{491C92A6-8A00-45F0-AFE6-7556532CA50B}.Debug|Any CPU.Build.0 = Debug|Any CPU
		{491C92A6-8A00-45F0-AFE6-7556532CA50B}.Release|Any CPU.ActiveCfg = Release|Any CPU
		{491C92A6-8A00-45F0-AFE6-7556532CA50B}.Release|Any CPU.Build.0 = Release|Any CPU
		{36668246-C0B6-4DB4-8082-9A06F410A8FB}.Debug|Any CPU.ActiveCfg = Debug|Any CPU
		{36668246-C0B6-4DB4-8082-9A06F410A8FB}.Debug|Any CPU.Build.0 = Debug|Any CPU
		{36668246-C0B6-4DB4-8082-9A06F410A8FB}.Release|Any CPU.ActiveCfg = Release|Any CPU
		{36668246-C0B6-4DB4-8082-9A06F410A8FB}.Release|Any CPU.Build.0 = Release|Any CPU
	EndGlobalSection
	GlobalSection(SolutionProperties) = preSolution
		HideSolutionNode = FALSE
	EndGlobalSection
EndGlobal
